// !$*UTF8*$!
{
	archiveVersion = 1;
	classes = {
	};
	objectVersion = 48;
	objects = {

/* Begin PBXBuildFile section */
		4761621CB16D2F704D8E4FA6 /* libPods-批量全选.a in Frameworks */ = {isa = PBXBuildFile; fileRef = 9E0FAC15FD7175A6FC289C19 /* libPods-批量全选.a */; };
		5B6DE405209D4C1000C1AB07 /* AppDelegate.m in Sources */ = {isa = PBXBuildFile; fileRef = 5B6DE404209D4C1000C1AB07 /* AppDelegate.m */; };
		5B6DE408209D4C1000C1AB07 /* ViewController.m in Sources */ = {isa = PBXBuildFile; fileRef = 5B6DE407209D4C1000C1AB07 /* ViewController.m */; };
		5B6DE40B209D4C1000C1AB07 /* Main.storyboard in Resources */ = {isa = PBXBuildFile; fileRef = 5B6DE409209D4C1000C1AB07 /* Main.storyboard */; };
		5B6DE40D209D4C1000C1AB07 /* Assets.xcassets in Resources */ = {isa = PBXBuildFile; fileRef = 5B6DE40C209D4C1000C1AB07 /* Assets.xcassets */; };
		5B6DE410209D4C1000C1AB07 /* LaunchScreen.storyboard in Resources */ = {isa = PBXBuildFile; fileRef = 5B6DE40E209D4C1000C1AB07 /* LaunchScreen.storyboard */; };
		5B6DE413209D4C1000C1AB07 /* main.m in Sources */ = {isa = PBXBuildFile; fileRef = 5B6DE412209D4C1000C1AB07 /* main.m */; };
		5B6DE41D209D4C1000C1AB07 /* ____Tests.m in Sources */ = {isa = PBXBuildFile; fileRef = 5B6DE41C209D4C1000C1AB07 /* ____Tests.m */; };
		5B6DE428209D4C1000C1AB07 /* ____UITests.m in Sources */ = {isa = PBXBuildFile; fileRef = 5B6DE427209D4C1000C1AB07 /* ____UITests.m */; };
		5B6DE439209D4C4900C1AB07 /* TableViewCell.m in Sources */ = {isa = PBXBuildFile; fileRef = 5B6DE436209D4C4800C1AB07 /* TableViewCell.m */; };
		5B6DE43A209D4C4900C1AB07 /* BottomView.m in Sources */ = {isa = PBXBuildFile; fileRef = 5B6DE438209D4C4800C1AB07 /* BottomView.m */; };
		5B7C0DA82136A274002D0ED4 /* secondViewController.m in Sources */ = {isa = PBXBuildFile; fileRef = 5B7C0DA72136A274002D0ED4 /* secondViewController.m */; };
/* End PBXBuildFile section */

/* Begin PBXContainerItemProxy section */
		5B6DE419209D4C1000C1AB07 /* PBXContainerItemProxy */ = {
			isa = PBXContainerItemProxy;
			containerPortal = 5B6DE3F8209D4C1000C1AB07 /* Project object */;
			proxyType = 1;
			remoteGlobalIDString = 5B6DE3FF209D4C1000C1AB07;
			remoteInfo = "批量全选";
		};
		5B6DE424209D4C1000C1AB07 /* PBXContainerItemProxy */ = {
			isa = PBXContainerItemProxy;
			containerPortal = 5B6DE3F8209D4C1000C1AB07 /* Project object */;
			proxyType = 1;
			remoteGlobalIDString = 5B6DE3FF209D4C1000C1AB07;
			remoteInfo = "批量全选";
		};
/* End PBXContainerItemProxy section */

/* Begin PBXFileReference section */
		20D0140C7D41A607C42A5E7A /* Pods-批量全选.debug.xcconfig */ = {isa = PBXFileReference; includeInIndex = 1; lastKnownFileType = text.xcconfig; name = "Pods-批量全选.debug.xcconfig"; path = "Pods/Target Support Files/Pods-批量全选/Pods-批量全选.debug.xcconfig"; sourceTree = "<group>"; };
		5B6DE400209D4C1000C1AB07 /* 批量全选.app */ = {isa = PBXFileReference; explicitFileType = wrapper.application; includeInIndex = 0; path = "批量全选.app"; sourceTree = BUILT_PRODUCTS_DIR; };
		5B6DE403209D4C1000C1AB07 /* AppDelegate.h */ = {isa = PBXFileReference; lastKnownFileType = sourcecode.c.h; path = AppDelegate.h; sourceTree = "<group>"; };
		5B6DE404209D4C1000C1AB07 /* AppDelegate.m */ = {isa = PBXFileReference; lastKnownFileType = sourcecode.c.objc; path = AppDelegate.m; sourceTree = "<group>"; };
		5B6DE406209D4C1000C1AB07 /* ViewController.h */ = {isa = PBXFileReference; lastKnownFileType = sourcecode.c.h; path = ViewController.h; sourceTree = "<group>"; };
		5B6DE407209D4C1000C1AB07 /* ViewController.m */ = {isa = PBXFileReference; lastKnownFileType = sourcecode.c.objc; path = ViewController.m; sourceTree = "<group>"; };
		5B6DE40A209D4C1000C1AB07 /* Base */ = {isa = PBXFileReference; lastKnownFileType = file.storyboard; name = Base; path = Base.lproj/Main.storyboard; sourceTree = "<group>"; };
		5B6DE40C209D4C1000C1AB07 /* Assets.xcassets */ = {isa = PBXFileReference; lastKnownFileType = folder.assetcatalog; path = Assets.xcassets; sourceTree = "<group>"; };
		5B6DE40F209D4C1000C1AB07 /* Base */ = {isa = PBXFileReference; lastKnownFileType = file.storyboard; name = Base; path = Base.lproj/LaunchScreen.storyboard; sourceTree = "<group>"; };
		5B6DE411209D4C1000C1AB07 /* Info.plist */ = {isa = PBXFileReference; lastKnownFileType = text.plist.xml; path = Info.plist; sourceTree = "<group>"; };
		5B6DE412209D4C1000C1AB07 /* main.m */ = {isa = PBXFileReference; lastKnownFileType = sourcecode.c.objc; path = main.m; sourceTree = "<group>"; };
		5B6DE418209D4C1000C1AB07 /* 批量全选Tests.xctest */ = {isa = PBXFileReference; explicitFileType = wrapper.cfbundle; includeInIndex = 0; path = "批量全选Tests.xctest"; sourceTree = BUILT_PRODUCTS_DIR; };
		5B6DE41C209D4C1000C1AB07 /* ____Tests.m */ = {isa = PBXFileReference; lastKnownFileType = sourcecode.c.objc; path = ____Tests.m; sourceTree = "<group>"; };
		5B6DE41E209D4C1000C1AB07 /* Info.plist */ = {isa = PBXFileReference; lastKnownFileType = text.plist.xml; path = Info.plist; sourceTree = "<group>"; };
		5B6DE423209D4C1000C1AB07 /* 批量全选UITests.xctest */ = {isa = PBXFileReference; explicitFileType = wrapper.cfbundle; includeInIndex = 0; path = "批量全选UITests.xctest"; sourceTree = BUILT_PRODUCTS_DIR; };
		5B6DE427209D4C1000C1AB07 /* ____UITests.m */ = {isa = PBXFileReference; lastKnownFileType = sourcecode.c.objc; path = ____UITests.m; sourceTree = "<group>"; };
		5B6DE429209D4C1000C1AB07 /* Info.plist */ = {isa = PBXFileReference; lastKnownFileType = text.plist.xml; path = Info.plist; sourceTree = "<group>"; };
		5B6DE435209D4C4800C1AB07 /* TableViewCell.h */ = {isa = PBXFileReference; fileEncoding = 4; lastKnownFileType = sourcecode.c.h; path = TableViewCell.h; sourceTree = "<group>"; };
		5B6DE436209D4C4800C1AB07 /* TableViewCell.m */ = {isa = PBXFileReference; fileEncoding = 4; lastKnownFileType = sourcecode.c.objc; path = TableViewCell.m; sourceTree = "<group>"; };
		5B6DE437209D4C4800C1AB07 /* BottomView.h */ = {isa = PBXFileReference; fileEncoding = 4; lastKnownFileType = sourcecode.c.h; path = BottomView.h; sourceTree = "<group>"; };
		5B6DE438209D4C4800C1AB07 /* BottomView.m */ = {isa = PBXFileReference; fileEncoding = 4; lastKnownFileType = sourcecode.c.objc; path = BottomView.m; sourceTree = "<group>"; };
		5B7C0DA62136A274002D0ED4 /* secondViewController.h */ = {isa = PBXFileReference; lastKnownFileType = sourcecode.c.h; path = secondViewController.h; sourceTree = "<group>"; };
		5B7C0DA72136A274002D0ED4 /* secondViewController.m */ = {isa = PBXFileReference; lastKnownFileType = sourcecode.c.objc; path = secondViewController.m; sourceTree = "<group>"; };
		9E0FAC15FD7175A6FC289C19 /* libPods-批量全选.a */ = {isa = PBXFileReference; explicitFileType = archive.ar; includeInIndex = 0; path = "libPods-批量全选.a"; sourceTree = BUILT_PRODUCTS_DIR; };
		DACB5BA6C8186E44A65EC39D /* Pods-批量全选.release.xcconfig */ = {isa = PBXFileReference; includeInIndex = 1; lastKnownFileType = text.xcconfig; name = "Pods-批量全选.release.xcconfig"; path = "Pods/Target Support Files/Pods-批量全选/Pods-批量全选.release.xcconfig"; sourceTree = "<group>"; };
/* End PBXFileReference section */

/* Begin PBXFrameworksBuildPhase section */
		5B6DE3FD209D4C1000C1AB07 /* Frameworks */ = {
			isa = PBXFrameworksBuildPhase;
			buildActionMask = 2147483647;
			files = (
				4761621CB16D2F704D8E4FA6 /* libPods-批量全选.a in Frameworks */,
			);
			runOnlyForDeploymentPostprocessing = 0;
		};
		5B6DE415209D4C1000C1AB07 /* Frameworks */ = {
			isa = PBXFrameworksBuildPhase;
			buildActionMask = 2147483647;
			files = (
			);
			runOnlyForDeploymentPostprocessing = 0;
		};
		5B6DE420209D4C1000C1AB07 /* Frameworks */ = {
			isa = PBXFrameworksBuildPhase;
			buildActionMask = 2147483647;
			files = (
			);
			runOnlyForDeploymentPostprocessing = 0;
		};
/* End PBXFrameworksBuildPhase section */

/* Begin PBXGroup section */
		0690D684932480CD613AF79C /* Frameworks */ = {
			isa = PBXGroup;
			children = (
				9E0FAC15FD7175A6FC289C19 /* libPods-批量全选.a */,
			);
			name = Frameworks;
			sourceTree = "<group>";
		};
		2978C137AD44631FD7274349 /* Pods */ = {
			isa = PBXGroup;
			children = (
				20D0140C7D41A607C42A5E7A /* Pods-批量全选.debug.xcconfig */,
				DACB5BA6C8186E44A65EC39D /* Pods-批量全选.release.xcconfig */,
			);
			name = Pods;
			sourceTree = "<group>";
		};
		5B6DE3F7209D4C1000C1AB07 = {
			isa = PBXGroup;
			children = (
				5B6DE402209D4C1000C1AB07 /* 批量全选 */,
				5B6DE41B209D4C1000C1AB07 /* 批量全选Tests */,
				5B6DE426209D4C1000C1AB07 /* 批量全选UITests */,
				5B6DE401209D4C1000C1AB07 /* Products */,
				2978C137AD44631FD7274349 /* Pods */,
				0690D684932480CD613AF79C /* Frameworks */,
			);
			sourceTree = "<group>";
		};
		5B6DE401209D4C1000C1AB07 /* Products */ = {
			isa = PBXGroup;
			children = (
				5B6DE400209D4C1000C1AB07 /* 批量全选.app */,
				5B6DE418209D4C1000C1AB07 /* 批量全选Tests.xctest */,
				5B6DE423209D4C1000C1AB07 /* 批量全选UITests.xctest */,
			);
			name = Products;
			sourceTree = "<group>";
		};
		5B6DE402209D4C1000C1AB07 /* 批量全选 */ = {
			isa = PBXGroup;
			children = (
				5B6DE437209D4C4800C1AB07 /* BottomView.h */,
				5B6DE438209D4C4800C1AB07 /* BottomView.m */,
				5B6DE435209D4C4800C1AB07 /* TableViewCell.h */,
				5B6DE436209D4C4800C1AB07 /* TableViewCell.m */,
				5B6DE403209D4C1000C1AB07 /* AppDelegate.h */,
				5B6DE404209D4C1000C1AB07 /* AppDelegate.m */,
				5B6DE406209D4C1000C1AB07 /* ViewController.h */,
				5B6DE407209D4C1000C1AB07 /* ViewController.m */,
				5B6DE409209D4C1000C1AB07 /* Main.storyboard */,
				5B6DE40C209D4C1000C1AB07 /* Assets.xcassets */,
				5B6DE40E209D4C1000C1AB07 /* LaunchScreen.storyboard */,
				5B6DE411209D4C1000C1AB07 /* Info.plist */,
				5B6DE412209D4C1000C1AB07 /* main.m */,
				5B7C0DA62136A274002D0ED4 /* secondViewController.h */,
				5B7C0DA72136A274002D0ED4 /* secondViewController.m */,
			);
			path = "批量全选";
			sourceTree = "<group>";
		};
		5B6DE41B209D4C1000C1AB07 /* 批量全选Tests */ = {
			isa = PBXGroup;
			children = (
				5B6DE41C209D4C1000C1AB07 /* ____Tests.m */,
				5B6DE41E209D4C1000C1AB07 /* Info.plist */,
			);
			path = "批量全选Tests";
			sourceTree = "<group>";
		};
		5B6DE426209D4C1000C1AB07 /* 批量全选UITests */ = {
			isa = PBXGroup;
			children = (
				5B6DE427209D4C1000C1AB07 /* ____UITests.m */,
				5B6DE429209D4C1000C1AB07 /* Info.plist */,
			);
			path = "批量全选UITests";
			sourceTree = "<group>";
		};
/* End PBXGroup section */

/* Begin PBXNativeTarget section */
		5B6DE3FF209D4C1000C1AB07 /* 批量全选 */ = {
			isa = PBXNativeTarget;
			buildConfigurationList = 5B6DE42C209D4C1000C1AB07 /* Build configuration list for PBXNativeTarget "批量全选" */;
			buildPhases = (
				7B246448D7BF497F25CD677F /* [CP] Check Pods Manifest.lock */,
				5B6DE3FC209D4C1000C1AB07 /* Sources */,
				5B6DE3FD209D4C1000C1AB07 /* Frameworks */,
				5B6DE3FE209D4C1000C1AB07 /* Resources */,
			);
			buildRules = (
			);
			dependencies = (
			);
			name = "批量全选";
			productName = "批量全选";
			productReference = 5B6DE400209D4C1000C1AB07 /* 批量全选.app */;
			productType = "com.apple.product-type.application";
		};
		5B6DE417209D4C1000C1AB07 /* 批量全选Tests */ = {
			isa = PBXNativeTarget;
			buildConfigurationList = 5B6DE42F209D4C1000C1AB07 /* Build configuration list for PBXNativeTarget "批量全选Tests" */;
			buildPhases = (
				5B6DE414209D4C1000C1AB07 /* Sources */,
				5B6DE415209D4C1000C1AB07 /* Frameworks */,
				5B6DE416209D4C1000C1AB07 /* Resources */,
			);
			buildRules = (
			);
			dependencies = (
				5B6DE41A209D4C1000C1AB07 /* PBXTargetDependency */,
			);
			name = "批量全选Tests";
			productName = "批量全选Tests";
			productReference = 5B6DE418209D4C1000C1AB07 /* 批量全选Tests.xctest */;
			productType = "com.apple.product-type.bundle.unit-test";
		};
		5B6DE422209D4C1000C1AB07 /* 批量全选UITests */ = {
			isa = PBXNativeTarget;
			buildConfigurationList = 5B6DE432209D4C1000C1AB07 /* Build configuration list for PBXNativeTarget "批量全选UITests" */;
			buildPhases = (
				5B6DE41F209D4C1000C1AB07 /* Sources */,
				5B6DE420209D4C1000C1AB07 /* Frameworks */,
				5B6DE421209D4C1000C1AB07 /* Resources */,
			);
			buildRules = (
			);
			dependencies = (
				5B6DE425209D4C1000C1AB07 /* PBXTargetDependency */,
			);
			name = "批量全选UITests";
			productName = "批量全选UITests";
			productReference = 5B6DE423209D4C1000C1AB07 /* 批量全选UITests.xctest */;
			productType = "com.apple.product-type.bundle.ui-testing";
		};
/* End PBXNativeTarget section */

/* Begin PBXProject section */
		5B6DE3F8209D4C1000C1AB07 /* Project object */ = {
			isa = PBXProject;
			attributes = {
				LastUpgradeCheck = 0920;
				ORGANIZATIONNAME = JDKJ;
				TargetAttributes = {
					5B6DE3FF209D4C1000C1AB07 = {
						CreatedOnToolsVersion = 9.2;
						ProvisioningStyle = Automatic;
					};
					5B6DE417209D4C1000C1AB07 = {
						CreatedOnToolsVersion = 9.2;
						ProvisioningStyle = Automatic;
						TestTargetID = 5B6DE3FF209D4C1000C1AB07;
					};
					5B6DE422209D4C1000C1AB07 = {
						CreatedOnToolsVersion = 9.2;
						ProvisioningStyle = Automatic;
						TestTargetID = 5B6DE3FF209D4C1000C1AB07;
					};
				};
			};
			buildConfigurationList = 5B6DE3FB209D4C1000C1AB07 /* Build configuration list for PBXProject "批量全选" */;
			compatibilityVersion = "Xcode 8.0";
			developmentRegion = en;
			hasScannedForEncodings = 0;
			knownRegions = (
				en,
				Base,
			);
			mainGroup = 5B6DE3F7209D4C1000C1AB07;
			productRefGroup = 5B6DE401209D4C1000C1AB07 /* Products */;
			projectDirPath = "";
			projectRoot = "";
			targets = (
				5B6DE3FF209D4C1000C1AB07 /* 批量全选 */,
				5B6DE417209D4C1000C1AB07 /* 批量全选Tests */,
				5B6DE422209D4C1000C1AB07 /* 批量全选UITests */,
			);
		};
/* End PBXProject section */

/* Begin PBXResourcesBuildPhase section */
		5B6DE3FE209D4C1000C1AB07 /* Resources */ = {
			isa = PBXResourcesBuildPhase;
			buildActionMask = 2147483647;
			files = (
				5B6DE410209D4C1000C1AB07 /* LaunchScreen.storyboard in Resources */,
				5B6DE40D209D4C1000C1AB07 /* Assets.xcassets in Resources */,
				5B6DE40B209D4C1000C1AB07 /* Main.storyboard in Resources */,
			);
			runOnlyForDeploymentPostprocessing = 0;
		};
		5B6DE416209D4C1000C1AB07 /* Resources */ = {
			isa = PBXResourcesBuildPhase;
			buildActionMask = 2147483647;
			files = (
			);
			runOnlyForDeploymentPostprocessing = 0;
		};
		5B6DE421209D4C1000C1AB07 /* Resources */ = {
			isa = PBXResourcesBuildPhase;
			buildActionMask = 2147483647;
			files = (
			);
			runOnlyForDeploymentPostprocessing = 0;
		};
/* End PBXResourcesBuildPhase section */

/* Begin PBXShellScriptBuildPhase section */
		7B246448D7BF497F25CD677F /* [CP] Check Pods Manifest.lock */ = {
			isa = PBXShellScriptBuildPhase;
			buildActionMask = 2147483647;
			files = (
			);
			inputPaths = (
				"${PODS_PODFILE_DIR_PATH}/Podfile.lock",
				"${PODS_ROOT}/Manifest.lock",
			);
			name = "[CP] Check Pods Manifest.lock";
			outputPaths = (
				"$(DERIVED_FILE_DIR)/Pods-批量全选-checkManifestLockResult.txt",
			);
			runOnlyForDeploymentPostprocessing = 0;
			shellPath = /bin/sh;
			shellScript = "diff \"${PODS_PODFILE_DIR_PATH}/Podfile.lock\" \"${PODS_ROOT}/Manifest.lock\" > /dev/null\nif [ $? != 0 ] ; then\n    # print error to STDERR\n    echo \"error: The sandbox is not in sync with the Podfile.lock. Run 'pod install' or update your CocoaPods installation.\" >&2\n    exit 1\nfi\n# This output is used by Xcode 'outputs' to avoid re-running this script phase.\necho \"SUCCESS\" > \"${SCRIPT_OUTPUT_FILE_0}\"\n";
			showEnvVarsInLog = 0;
		};
/* End PBXShellScriptBuildPhase section */

/* Begin PBXSourcesBuildPhase section */
		5B6DE3FC209D4C1000C1AB07 /* Sources */ = {
			isa = PBXSourcesBuildPhase;
			buildActionMask = 2147483647;
			files = (
				5B6DE408209D4C1000C1AB07 /* ViewController.m in Sources */,
				5B6DE439209D4C4900C1AB07 /* TableViewCell.m in Sources */,
				5B6DE413209D4C1000C1AB07 /* main.m in Sources */,
				5B6DE43A209D4C4900C1AB07 /* BottomView.m in Sources */,
				5B7C0DA82136A274002D0ED4 /* secondViewController.m in Sources */,
				5B6DE405209D4C1000C1AB07 /* AppDelegate.m in Sources */,
			);
			runOnlyForDeploymentPostprocessing = 0;
		};
		5B6DE414209D4C1000C1AB07 /* Sources */ = {
			isa = PBXSourcesBuildPhase;
			buildActionMask = 2147483647;
			files = (
				5B6DE41D209D4C1000C1AB07 /* ____Tests.m in Sources */,
			);
			runOnlyForDeploymentPostprocessing = 0;
		};
		5B6DE41F209D4C1000C1AB07 /* Sources */ = {
			isa = PBXSourcesBuildPhase;
			buildActionMask = 2147483647;
			files = (
				5B6DE428209D4C1000C1AB07 /* ____UITests.m in Sources */,
			);
			runOnlyForDeploymentPostprocessing = 0;
		};
/* End PBXSourcesBuildPhase section */

/* Begin PBXTargetDependency section */
		5B6DE41A209D4C1000C1AB07 /* PBXTargetDependency */ = {
			isa = PBXTargetDependency;
			target = 5B6DE3FF209D4C1000C1AB07 /* 批量全选 */;
			targetProxy = 5B6DE419209D4C1000C1AB07 /* PBXContainerItemProxy */;
		};
		5B6DE425209D4C1000C1AB07 /* PBXTargetDependency */ = {
			isa = PBXTargetDependency;
			target = 5B6DE3FF209D4C1000C1AB07 /* 批量全选 */;
			targetProxy = 5B6DE424209D4C1000C1AB07 /* PBXContainerItemProxy */;
		};
/* End PBXTargetDependency section */

/* Begin PBXVariantGroup section */
		5B6DE409209D4C1000C1AB07 /* Main.storyboard */ = {
			isa = PBXVariantGroup;
			children = (
				5B6DE40A209D4C1000C1AB07 /* Base */,
			);
			name = Main.storyboard;
			sourceTree = "<group>";
		};
		5B6DE40E209D4C1000C1AB07 /* LaunchScreen.storyboard */ = {
			isa = PBXVariantGroup;
			children = (
				5B6DE40F209D4C1000C1AB07 /* Base */,
			);
			name = LaunchScreen.storyboard;
			sourceTree = "<group>";
		};
/* End PBXVariantGroup section */

/* Begin XCBuildConfiguration section */
		5B6DE42A209D4C1000C1AB07 /* Debug */ = {
			isa = XCBuildConfiguration;
			buildSettings = {
				ALWAYS_SEARCH_USER_PATHS = NO;
				CLANG_ANALYZER_NONNULL = YES;
				CLANG_ANALYZER_NUMBER_OBJECT_CONVERSION = YES_AGGRESSIVE;
				CLANG_CXX_LANGUAGE_STANDARD = "gnu++14";
				CLANG_CXX_LIBRARY = "libc++";
				CLANG_ENABLE_MODULES = YES;
				CLANG_ENABLE_OBJC_ARC = YES;
				CLANG_WARN_BLOCK_CAPTURE_AUTORELEASING = YES;
				CLANG_WARN_BOOL_CONVERSION = YES;
				CLANG_WARN_COMMA = YES;
				CLANG_WARN_CONSTANT_CONVERSION = YES;
				CLANG_WARN_DIRECT_OBJC_ISA_USAGE = YES_ERROR;
				CLANG_WARN_DOCUMENTATION_COMMENTS = YES;
				CLANG_WARN_EMPTY_BODY = YES;
				CLANG_WARN_ENUM_CONVERSION = YES;
				CLANG_WARN_INFINITE_RECURSION = YES;
				CLANG_WARN_INT_CONVERSION = YES;
				CLANG_WARN_NON_LITERAL_NULL_CONVERSION = YES;
				CLANG_WARN_OBJC_LITERAL_CONVERSION = YES;
				CLANG_WARN_OBJC_ROOT_CLASS = YES_ERROR;
				CLANG_WARN_RANGE_LOOP_ANALYSIS = YES;
				CLANG_WARN_STRICT_PROTOTYPES = YES;
				CLANG_WARN_SUSPICIOUS_MOVE = YES;
				CLANG_WARN_UNGUARDED_AVAILABILITY = YES_AGGRESSIVE;
				CLANG_WARN_UNREACHABLE_CODE = YES;
				CLANG_WARN__DUPLICATE_METHOD_MATCH = YES;
				CODE_SIGN_IDENTITY = "iPhone Developer";
				COPY_PHASE_STRIP = NO;
				DEBUG_INFORMATION_FORMAT = dwarf;
				ENABLE_STRICT_OBJC_MSGSEND = YES;
				ENABLE_TESTABILITY = YES;
				GCC_C_LANGUAGE_STANDARD = gnu11;
				GCC_DYNAMIC_NO_PIC = NO;
				GCC_NO_COMMON_BLOCKS = YES;
				GCC_OPTIMIZATION_LEVEL = 0;
				GCC_PREPROCESSOR_DEFINITIONS = (
					"DEBUG=1",
					"$(inherited)",
				);
				GCC_WARN_64_TO_32_BIT_CONVERSION = YES;
				GCC_WARN_ABOUT_RETURN_TYPE = YES_ERROR;
				GCC_WARN_UNDECLARED_SELECTOR = YES;
				GCC_WARN_UNINITIALIZED_AUTOS = YES_AGGRESSIVE;
				GCC_WARN_UNUSED_FUNCTION = YES;
				GCC_WARN_UNUSED_VARIABLE = YES;
				IPHONEOS_DEPLOYMENT_TARGET = 11.2;
				MTL_ENABLE_DEBUG_INFO = YES;
				ONLY_ACTIVE_ARCH = YES;
				SDKROOT = iphoneos;
			};
			name = Debug;
		};
		5B6DE42B209D4C1000C1AB07 /* Release */ = {
			isa = XCBuildConfiguration;
			buildSettings = {
				ALWAYS_SEARCH_USER_PATHS = NO;
				CLANG_ANALYZER_NONNULL = YES;
				CLANG_ANALYZER_NUMBER_OBJECT_CONVERSION = YES_AGGRESSIVE;
				CLANG_CXX_LANGUAGE_STANDARD = "gnu++14";
				CLANG_CXX_LIBRARY = "libc++";
				CLANG_ENABLE_MODULES = YES;
				CLANG_ENABLE_OBJC_ARC = YES;
				CLANG_WARN_BLOCK_CAPTURE_AUTORELEASING = YES;
				CLANG_WARN_BOOL_CONVERSION = YES;
				CLANG_WARN_COMMA = YES;
				CLANG_WARN_CONSTANT_CONVERSION = YES;
				CLANG_WARN_DIRECT_OBJC_ISA_USAGE = YES_ERROR;
				CLANG_WARN_DOCUMENTATION_COMMENTS = YES;
				CLANG_WARN_EMPTY_BODY = YES;
				CLANG_WARN_ENUM_CONVERSION = YES;
				CLANG_WARN_INFINITE_RECURSION = YES;
				CLANG_WARN_INT_CONVERSION = YES;
				CLANG_WARN_NON_LITERAL_NULL_CONVERSION = YES;
				CLANG_WARN_OBJC_LITERAL_CONVERSION = YES;
				CLANG_WARN_OBJC_ROOT_CLASS = YES_ERROR;
				CLANG_WARN_RANGE_LOOP_ANALYSIS = YES;
				CLANG_WARN_STRICT_PROTOTYPES = YES;
				CLANG_WARN_SUSPICIOUS_MOVE = YES;
				CLANG_WARN_UNGUARDED_AVAILABILITY = YES_AGGRESSIVE;
				CLANG_WARN_UNREACHABLE_CODE = YES;
				CLANG_WARN__DUPLICATE_METHOD_MATCH = YES;
				CODE_SIGN_IDENTITY = "iPhone Developer";
				COPY_PHASE_STRIP = NO;
				DEBUG_INFORMATION_FORMAT = "dwarf-with-dsym";
				ENABLE_NS_ASSERTIONS = NO;
				ENABLE_STRICT_OBJC_MSGSEND = YES;
				GCC_C_LANGUAGE_STANDARD = gnu11;
				GCC_NO_COMMON_BLOCKS = YES;
				GCC_WARN_64_TO_32_BIT_CONVERSION = YES;
				GCC_WARN_ABOUT_RETURN_TYPE = YES_ERROR;
				GCC_WARN_UNDECLARED_SELECTOR = YES;
				GCC_WARN_UNINITIALIZED_AUTOS = YES_AGGRESSIVE;
				GCC_WARN_UNUSED_FUNCTION = YES;
				GCC_WARN_UNUSED_VARIABLE = YES;
				IPHONEOS_DEPLOYMENT_TARGET = 11.2;
				MTL_ENABLE_DEBUG_INFO = NO;
				SDKROOT = iphoneos;
				VALIDATE_PRODUCT = YES;
			};
			name = Release;
		};
		5B6DE42D209D4C1000C1AB07 /* Debug */ = {
			isa = XCBuildConfiguration;
			baseConfigurationReference = 20D0140C7D41A607C42A5E7A /* Pods-批量全选.debug.xcconfig */;
			buildSettings = {
				ASSETCATALOG_COMPILER_APPICON_NAME = AppIcon;
				CODE_SIGN_STYLE = Automatic;
				DEVELOPMENT_TEAM = R67NM4WC4D;
				INFOPLIST_FILE = "批量全选/Info.plist";
				LD_RUNPATH_SEARCH_PATHS = "$(inherited) @executable_path/Frameworks";
				PRODUCT_BUNDLE_IDENTIFIER = "com.JDKJ.baiding.----";
				PRODUCT_NAME = "$(TARGET_NAME)";
				TARGETED_DEVICE_FAMILY = "1,2";
			};
			name = Debug;
		};
		5B6DE42E209D4C1000C1AB07 /* Release */ = {
			isa = XCBuildConfiguration;
			baseConfigurationReference = DACB5BA6C8186E44A65EC39D /* Pods-批量全选.release.xcconfig */;
			buildSettings = {
				ASSETCATALOG_COMPILER_APPICON_NAME = AppIcon;
				CODE_SIGN_STYLE = Automatic;
				DEVELOPMENT_TEAM = R67NM4WC4D;
				INFOPLIST_FILE = "批量全选/Info.plist";
				LD_RUNPATH_SEARCH_PATHS = "$(inherited) @executable_path/Frameworks";
				PRODUCT_BUNDLE_IDENTIFIER = "com.JDKJ.baiding.----";
				PRODUCT_NAME = "$(TARGET_NAME)";
				TARGETED_DEVICE_FAMILY = "1,2";
			};
			name = Release;
		};
		5B6DE430209D4C1000C1AB07 /* Debug */ = {
			isa = XCBuildConfiguration;
			buildSettings = {
				BUNDLE_LOADER = "$(TEST_HOST)";
				CODE_SIGN_STYLE = Automatic;
				DEVELOPMENT_TEAM = R67NM4WC4D;
				INFOPLIST_FILE = "批量全选Tests/Info.plist";
				LD_RUNPATH_SEARCH_PATHS = "$(inherited) @executable_path/Frameworks @loader_path/Frameworks";
				PRODUCT_BUNDLE_IDENTIFIER = "com.JDKJ.baiding.----Tests";
				PRODUCT_NAME = "$(TARGET_NAME)";
				TARGETED_DEVICE_FAMILY = "1,2";
				TEST_HOST = "$(BUILT_PRODUCTS_DIR)/批量全选.app/批量全选";
			};
			name = Debug;
		};
		5B6DE431209D4C1000C1AB07 /* Release */ = {
			isa = XCBuildConfiguration;
			buildSettings = {
				BUNDLE_LOADER = "$(TEST_HOST)";
				CODE_SIGN_STYLE = Automatic;
				DEVELOPMENT_TEAM = R67NM4WC4D;
				INFOPLIST_FILE = "批量全选Tests/Info.plist";
				LD_RUNPATH_SEARCH_PATHS = "$(inherited) @executable_path/Frameworks @loader_path/Frameworks";
				PRODUCT_BUNDLE_IDENTIFIER = "com.JDKJ.baiding.----Tests";
				PRODUCT_NAME = "$(TARGET_NAME)";
				TARGETED_DEVICE_FAMILY = "1,2";
				TEST_HOST = "$(BUILT_PRODUCTS_DIR)/批量全选.app/批量全选";
			};
			name = Release;
		};
		5B6DE433209D4C1000C1AB07 /* Debug */ = {
			isa = XCBuildConfiguration;
			buildSettings = {
				CODE_SIGN_STYLE = Automatic;
				DEVELOPMENT_TEAM = R67NM4WC4D;
				INFOPLIST_FILE = "批量全选UITests/Info.plist";
				LD_RUNPATH_SEARCH_PATHS = "$(inherited) @executable_path/Frameworks @loader_path/Frameworks";
				PRODUCT_BUNDLE_IDENTIFIER = "com.JDKJ.baiding.----UITests";
				PRODUCT_NAME = "$(TARGET_NAME)";
				TARGETED_DEVICE_FAMILY = "1,2";
				TEST_TARGET_NAME = "批量全选";
			};
			name = Debug;
		};
		5B6DE434209D4C1000C1AB07 /* Release */ = {
			isa = XCBuildConfiguration;
			buildSettings = {
				CODE_SIGN_STYLE = Automatic;
				DEVELOPMENT_TEAM = R67NM4WC4D;
				INFOPLIST_FILE = "批量全选UITests/Info.plist";
				LD_RUNPATH_SEARCH_PATHS = "$(inherited) @executable_path/Frameworks @loader_path/Frameworks";
				PRODUCT_BUNDLE_IDENTIFIER = "com.JDKJ.baiding.----UITests";
				PRODUCT_NAME = "$(TARGET_NAME)";
				TARGETED_DEVICE_FAMILY = "1,2";
				TEST_TARGET_NAME = "批量全选";
			};
			name = Release;
		};
/* End XCBuildConfiguration section */

/* Begin XCConfigurationList section */
		5B6DE3FB209D4C1000C1AB07 /* Build configuration list for PBXProject "批量全选" */ = {
			isa = XCConfigurationList;
			buildConfigurations = (
				5B6DE42A209D4C1000C1AB07 /* Debug */,
				5B6DE42B209D4C1000C1AB07 /* Release */,
			);
			defaultConfigurationIsVisible = 0;
			defaultConfigurationName = Release;
		};
		5B6DE42C209D4C1000C1AB07 /* Build configuration list for PBXNativeTarget "批量全选" */ = {
			isa = XCConfigurationList;
			buildConfigurations = (
				5B6DE42D209D4C1000C1AB07 /* Debug */,
				5B6DE42E209D4C1000C1AB07 /* Release */,
			);
			defaultConfigurationIsVisible = 0;
			defaultConfigurationName = Release;
		};
		5B6DE42F209D4C1000C1AB07 /* Build configuration list for PBXNativeTarget "批量全选Tests" */ = {
			isa = XCConfigurationList;
			buildConfigurations = (
				5B6DE430209D4C1000C1AB07 /* Debug */,
				5B6DE431209D4C1000C1AB07 /* Release */,
			);
			defaultConfigurationIsVisible = 0;
			defaultConfigurationName = Release;
		};
		5B6DE432209D4C1000C1AB07 /* Build configuration list for PBXNativeTarget "批量全选UITests" */ = {
			isa = XCConfigurationList;
			buildConfigurations = (
				5B6DE433209D4C1000C1AB07 /* Debug */,
				5B6DE434209D4C1000C1AB07 /* Release */,
			);
			defaultConfigurationIsVisible = 0;
			defaultConfigurationName = Release;
		};
/* End XCConfigurationList section */
	};
	rootObject = 5B6DE3F8209D4C1000C1AB07 /* Project object */;
}
